
Microsoft Visual Studio Solution File, Format Version 12.00
# Visual Studio Version 17
VisualStudioVersion = 17.1.32228.430
MinimumVisualStudioVersion = 10.0.40219.1
Project("{9A19103F-16F7-4668-BE54-9A1E7A4F7556}") = "BayraktarlarWebsite.UI", "BayraktarlarWebsite.UI\BayraktarlarWebsite.UI.csproj", "{8CF725A6-2FFC-4821-A976-7804B007509E}"
EndProject
Project("{FAE04EC0-301F-11D3-BF4B-00C04F79EFBC}") = "BayraktarlarWebsite.Entities", "BayraktarlarWebsite.Entities\BayraktarlarWebsite.Entities.csproj", "{19DAD7BF-2F45-4102-A445-E343C8BD0504}"
EndProject
Project("{FAE04EC0-301F-11D3-BF4B-00C04F79EFBC}") = "BayraktarlarWebsite.DAL", "BayraktarlarWebsite.DAL\BayraktarlarWebsite.DAL.csproj", "{F261A66B-665B-4634-BD9F-3BC11173ED82}"
EndProject
Global
	GlobalSection(SolutionConfigurationPlatforms) = preSolution
		Debug|Any CPU = Debug|Any CPU
		Release|Any CPU = Release|Any CPU
	EndGlobalSection
	GlobalSection(ProjectConfigurationPlatforms) = postSolution
		{8CF725A6-2FFC-4821-A976-7804B007509E}.Debug|Any CPU.ActiveCfg = Debug|Any CPU
		{8CF725A6-2FFC-4821-A976-7804B007509E}.Debug|Any CPU.Build.0 = Debug|Any CPU
		{8CF725A6-2FFC-4821-A976-7804B007509E}.Release|Any CPU.ActiveCfg = Release|Any CPU
		{8CF725A6-2FFC-4821-A976-7804B007509E}.Release|Any CPU.Build.0 = Release|Any CPU
		{19DAD7BF-2F45-4102-A445-E343C8BD0504}.Debug|Any CPU.ActiveCfg = Debug|Any CPU
		{19DAD7BF-2F45-4102-A445-E343C8BD0504}.Debug|Any CPU.Build.0 = Debug|Any CPU
		{19DAD7BF-2F45-4102-A445-E343C8BD0504}.Release|Any CPU.ActiveCfg = Release|Any CPU
		{19DAD7BF-2F45-4102-A445-E343C8BD0504}.Release|Any CPU.Build.0 = Release|Any CPU
		{F261A66B-665B-4634-BD9F-3BC11173ED82}.Debug|Any CPU.ActiveCfg = Debug|Any CPU
		{F261A66B-665B-4634-BD9F-3BC11173ED82}.Debug|Any CPU.Build.0 = Debug|Any CPU
		{F261A66B-665B-4634-BD9F-3BC11173ED82}.Release|Any CPU.ActiveCfg = Release|Any CPU
		{F261A66B-665B-4634-BD9F-3BC11173ED82}.Release|Any CPU.Build.0 = Release|Any CPU
	EndGlobalSection
	GlobalSection(SolutionProperties) = preSolution
		HideSolutionNode = FALSE
	EndGlobalSection
	GlobalSection(ExtensibilityGlobals) = postSolution
		SolutionGuid = {21C16531-1A93-4ECD-A2B9-74C5B7669DB6}
	EndGlobalSection
EndGlobal
